
Microsoft Visual Studio Solution File, Format Version 12.00
# Visual Studio 15
VisualStudioVersion = 15.0.27703.2042
MinimumVisualStudioVersion = 10.0.40219.1
Project("{FAE04EC0-301F-11D3-BF4B-00C04F79EFBC}") = "PatternsApp", "PatternsApp\PatternsApp.csproj", "{6137501D-60EA-4236-820E-ED68CC3FFF9B}"
EndProject
Global
	GlobalSection(SolutionConfigurationPlatforms) = preSolution
		Debug|Any CPU = Debug|Any CPU
		Release|Any CPU = Release|Any CPU
	EndGlobalSection
	GlobalSection(ProjectConfigurationPlatforms) = postSolution
		{6137501D-60EA-4236-820E-ED68CC3FFF9B}.Debug|Any CPU.ActiveCfg = Debug|Any CPU
		{6137501D-60EA-4236-820E-ED68CC3FFF9B}.Debug|Any CPU.Build.0 = Debug|Any CPU
		{6137501D-60EA-4236-820E-ED68CC3FFF9B}.Release|Any CPU.ActiveCfg = Release|Any CPU
		{6137501D-60EA-4236-820E-ED68CC3FFF9B}.Release|Any CPU.Build.0 = Release|Any CPU
	EndGlobalSection
	GlobalSection(SolutionProperties) = preSolution
		HideSolutionNode = FALSE
	EndGlobalSection
	GlobalSection(ExtensibilityGlobals) = postSolution
		SolutionGuid = {31D7315C-28AD-4D3D-9C23-75757F880CE2}
	EndGlobalSection
EndGlobal
